<?xml version="1.0" encoding="utf-8"?>
<Project ToolsVersion="4.0" xmlns="http://schemas.microsoft.com/developer/msbuild/2003">
  <ItemGroup>
    <Filter Include="Source Files">
      <UniqueIdentifier>{4FC737F1-C7A5-4376-A066-2A32D752A2FF}</UniqueIdentifier>
      <Extensions>cpp;c;cc;cxx;def;odl;idl;hpj;bat;asm;asmx</Extensions>
    </Filter>
    <Filter Include="Header Files">
      <UniqueIdentifier>{93995380-89BD-4b04-88EB-625FBE52EBFB}</UniqueIdentifier>
      <Extensions>h;hpp;hxx;hm;inl;inc;xsd</Extensions>
    </Filter>
    <Filter Include="Resource Files">
      <UniqueIdentifier>{67DA6AB6-F800-4c08-8B7A-83BB121AAD01}</UniqueIdentifier>
      <Extensions>rc;ico;cur;bmp;dlg;rc2;rct;bin;rgs;gif;jpg;jpeg;jpe;resx;tiff;tif;png;wav</Extensions>
    </Filter>
    <Filter Include="Source Files\Particles">
      <UniqueIdentifier>{ee89997d-8b86-41e9-a18d-589f56accbcb}</UniqueIdentifier>
    </Filter>
    <Filter Include="Header Files\Particles">
      <UniqueIdentifier>{aac00655-da1d-4f31-a235-1846b3221b1f}</UniqueIdentifier>
    </Filter>
  </ItemGroup>
  <ItemGroup>
    <ClCompile Include="..\src\f5_websApp.cpp">
      <Filter>Source Files</Filter>
    </ClCompile>
    <ClCompile Include="..\src\f5_websApp.cpp">
      <Filter>Source Files</Filter>
    </ClCompile>
    <ClInclude Include="..\include\Resources.h">
      <Filter>Header Files</Filter>
    </ClInclude>
    <ClCompile Include="..\src\ParticleSystem.cpp">
      <Filter>Source Files</Filter>
    </ClCompile>
    <ClCompile Include="..\src\Particle.cpp">
      <Filter>Source Files</Filter>
    </ClCompile>
    <ClCompile Include="..\src\ParticleFactory.cpp">
      <Filter>Source Files</Filter>
    </ClCompile>
    <ClCompile Include="..\src\Listener.cpp">
      <Filter>Source Files</Filter>
    </ClCompile>
    <ClCompile Include="..\src\Particle_circle.cpp">
      <Filter>Source Files\Particles</Filter>
    </ClCompile>
    <ClCompile Include="..\src\Particle_field.cpp">
      <Filter>Source Files\Particles</Filter>
    </ClCompile>
    <ClCompile Include="..\src\Particle_flat.cpp">
      <Filter>Source Files\Particles</Filter>
    </ClCompile>
    <ClCompile Include="..\src\Particle_halo.cpp">
      <Filter>Source Files\Particles</Filter>
    </ClCompile>
    <ClCompile Include="..\src\Particle_helix.cpp">
      <Filter>Source Files\Particles</Filter>
    </ClCompile>
    <ClCompile Include="..\src\Particle_horizon.cpp">
      <Filter>Source Files\Particles</Filter>
    </ClCompile>
    <ClCompile Include="..\src\Particle_quad.cpp">
      <Filter>Source Files\Particles</Filter>
    </ClCompile>
    <ClCompile Include="..\src\Particle_sphere.cpp">
      <Filter>Source Files\Particles</Filter>
    </ClCompile>
    <ClCompile Include="..\src\Particle_spring.cpp">
      <Filter>Source Files\Particles</Filter>
    </ClCompile>
    <ClCompile Include="..\src\Particle_text.cpp">
      <Filter>Source Files\Particles</Filter>
    </ClCompile>
    <ClCompile Include="..\src\Particle_queue.cpp">
      <Filter>Source Files\Particles</Filter>
    </ClCompile>
    <ClCompile Include="..\src\Particle_torrent.cpp">
      <Filter>Source Files\Particles</Filter>
    </ClCompile>
    <ClCompile Include="..\src\Particle_trail.cpp">
      <Filter>Source Files\Particles</Filter>
    </ClCompile>
    <ClCompile Include="..\src\Particle_fft.cpp">
      <Filter>Source Files\Particles</Filter>
    </ClCompile>
    <ClCompile Include="..\src\Particle_hex.cpp">
      <Filter>Source Files\Particles</Filter>
    </ClCompile>
    <ClCompile Include="..\src\Tracker.cpp">
      <Filter>Source Files</Filter>
    </ClCompile>
    <ClCompile Include="..\src\MusicPlayer.cpp">
      <Filter>Source Files</Filter>
    </ClCompile>
    <ClCompile Include="..\src\Particle_ripple.cpp">
      <Filter>Source Files\Particles</Filter>
    </ClCompile>
    <ClCompile Include="..\src\Particle_path.cpp">
      <Filter>Source Files\Particles</Filter>
    </ClCompile>
  </ItemGroup>
  <ItemGroup>
    <ClInclude Include="..\include\Resources.h">
      <Filter>Header Files</Filter>
    </ClInclude>
    <ClInclude Include="..\include\ParticleSystem.h">
      <Filter>Header Files</Filter>
    </ClInclude>
    <ClInclude Include="..\include\Particle.h">
      <Filter>Header Files</Filter>
    </ClInclude>
    <ClInclude Include="..\include\ParticleFactory.h">
      <Filter>Header Files</Filter>
    </ClInclude>
    <ClInclude Include="..\include\Listener.h">
      <Filter>Header Files</Filter>
    </ClInclude>
    <ClInclude Include="..\include\Particle_circle.h">
      <Filter>Header Files\Particles</Filter>
    </ClInclude>
    <ClInclude Include="..\include\Particle_field.h">
      <Filter>Header Files\Particles</Filter>
    </ClInclude>
    <ClInclude Include="..\include\Particle_halo.h">
      <Filter>Header Files\Particles</Filter>
    </ClInclude>
    <ClInclude Include="..\include\Particle_quad.h">
      <Filter>Header Files\Particles</Filter>
    </ClInclude>
    <ClInclude Include="..\include\Particle_spring.h">
      <Filter>Header Files\Particles</Filter>
    </ClInclude>
    <ClInclude Include="..\include\Particle_sphere.h">
      <Filter>Header Files\Particles</Filter>
    </ClInclude>
    <ClInclude Include="..\include\Particle_flat.h">
      <Filter>Header Files\Particles</Filter>
    </ClInclude>
    <ClInclude Include="..\include\Particle_helix.h">
      <Filter>Header Files\Particles</Filter>
    </ClInclude>
    <ClInclude Include="..\include\Particle_horizon.h">
      <Filter>Header Files\Particles</Filter>
    </ClInclude>
    <ClInclude Include="..\include\Particle_text.h">
      <Filter>Header Files\Particles</Filter>
    </ClInclude>
    <ClInclude Include="..\include\Particle_queue.h">
      <Filter>Header Files\Particles</Filter>
    </ClInclude>
    <ClInclude Include="..\include\Particle_torrent.h">
      <Filter>Header Files\Particles</Filter>
    </ClInclude>
    <ClInclude Include="..\include\Particle_trail.h">
      <Filter>Header Files\Particles</Filter>
    </ClInclude>
    <ClInclude Include="..\include\Particle_fft.h">
      <Filter>Header Files\Particles</Filter>
    </ClInclude>
    <ClInclude Include="..\include\Particle_hex.h">
      <Filter>Header Files\Particles</Filter>
    </ClInclude>
    <ClInclude Include="..\include\Tracker.h">
      <Filter>Header Files</Filter>
    </ClInclude>
    <ClInclude Include="..\include\MusicPlayer.h">
      <Filter>Header Files</Filter>
    </ClInclude>
    <ClInclude Include="..\include\Particle_ripple.h">
      <Filter>Header Files\Particles</Filter>
    </ClInclude>
    <ClInclude Include="..\include\Particle_path.h">
      <Filter>Header Files\Particles</Filter>
    </ClInclude>
  </ItemGroup>
  <ItemGroup>
    <ResourceCompile Include="Resources.rc">
      <Filter>Resource Files</Filter>
    </ResourceCompile>
  </ItemGroup>
  <ItemGroup>
    <None Include="..\resources\blur_frag.glsl">
      <Filter>Resource Files</Filter>
    </None>
    <None Include="..\resources\blur_vert.glsl">
      <Filter>Resource Files</Filter>
    </None>
  </ItemGroup>
  <ItemGroup>
    <Image Include="..\resources\furinax.png">
      <Filter>Resource Files</Filter>
    </Image>
  </ItemGroup>
</Project>